
Microsoft Visual Studio Solution File, Format Version 12.00
# Visual Studio 15
Project("{FAE04EC0-301F-11D3-BF4B-00C04F79EFBC}") = "Assembly-CSharp", "Assembly-CSharp.csproj", "{ABDCA02B-FB7E-C490-F7B2-F4A61B54B52D}"
EndProject
Project("{FAE04EC0-301F-11D3-BF4B-00C04F79EFBC}") = "Assembly-CSharp-Editor", "Assembly-CSharp-Editor.csproj", "{9FFBD3BE-8FC4-A4B9-D9EF-A59B1752A954}"
EndProject
Global
	GlobalSection(SolutionConfigurationPlatforms) = preSolution
		Debug|Any CPU = Debug|Any CPU
		Release|Any CPU = Release|Any CPU
	EndGlobalSection
	GlobalSection(ProjectConfigurationPlatforms) = postSolution
		{ABDCA02B-FB7E-C490-F7B2-F4A61B54B52D}.Debug|Any CPU.ActiveCfg = Debug|Any CPU
		{ABDCA02B-FB7E-C490-F7B2-F4A61B54B52D}.Debug|Any CPU.Build.0 = Debug|Any CPU
		{ABDCA02B-FB7E-C490-F7B2-F4A61B54B52D}.Release|Any CPU.ActiveCfg = Release|Any CPU
		{ABDCA02B-FB7E-C490-F7B2-F4A61B54B52D}.Release|Any CPU.Build.0 = Release|Any CPU
		{9FFBD3BE-8FC4-A4B9-D9EF-A59B1752A954}.Debug|Any CPU.ActiveCfg = Debug|Any CPU
		{9FFBD3BE-8FC4-A4B9-D9EF-A59B1752A954}.Debug|Any CPU.Build.0 = Debug|Any CPU
		{9FFBD3BE-8FC4-A4B9-D9EF-A59B1752A954}.Release|Any CPU.ActiveCfg = Release|Any CPU
		{9FFBD3BE-8FC4-A4B9-D9EF-A59B1752A954}.Release|Any CPU.Build.0 = Release|Any CPU
	EndGlobalSection
	GlobalSection(SolutionProperties) = preSolution
		HideSolutionNode = FALSE
	EndGlobalSection
EndGlobal
